
Microsoft Visual Studio Solution File, Format Version 12.00
Project("{2150E333-8FDC-42A3-9474-1A3956D46DE8}") = "Microservices", "Microservices", "{D4D66FA1-BCA9-4775-B1A1-40BEAEB026D7}"
EndProject
Project("{2150E333-8FDC-42A3-9474-1A3956D46DE8}") = "CmrMicroservice", "CmrMicroservice", "{FA070662-C4DE-41DA-A021-1145D2C6C23B}"
EndProject
Project("{FAE04EC0-301F-11D3-BF4B-00C04F79EFBC}") = "CrmMicroservice.Domain", "Microservices\CrmMicroservice\CrmMicroservice.Domain\CrmMicroservice.Domain.csproj", "{DAB1CE66-3240-4EA7-9E8D-11257F3290B6}"
EndProject
Project("{FAE04EC0-301F-11D3-BF4B-00C04F79EFBC}") = "CrmMicroservice.Infrastructure.FileBased", "Microservices\CrmMicroservice\CrmMicroservice.Infrastructure.FileBased\CrmMicroservice.Infrastructure.FileBased.csproj", "{91811745-1DED-4D77-8121-3D0C19D6CBCB}"
EndProject
Project("{FAE04EC0-301F-11D3-BF4B-00C04F79EFBC}") = "CrmMicroservice.WebApi", "Microservices\CrmMicroservice\CrmMicroservice.WebApi\CrmMicroservice.WebApi.csproj", "{DFEA7A46-B55B-4898-86F1-5248311C4412}"
EndProject
Project("{2150E333-8FDC-42A3-9474-1A3956D46DE8}") = "Libraries", "Libraries", "{1162B80F-1E56-4FEB-9ECF-53D285D00F39}"
EndProject
Project("{2150E333-8FDC-42A3-9474-1A3956D46DE8}") = "Extensions", "Extensions", "{F30415AF-39CD-4697-8790-E89A38A3DFC1}"
EndProject
Project("{FAE04EC0-301F-11D3-BF4B-00C04F79EFBC}") = "Extensions", "Libraries\Extensions\Extensions\Extensions.csproj", "{20863388-B6B3-4278-A5FB-D08B9E47ADF7}"
EndProject
Project("{FAE04EC0-301F-11D3-BF4B-00C04F79EFBC}") = "Extensions.Tests", "Libraries\Extensions\Extensions.Tests\Extensions.Tests.csproj", "{EBDC406A-874C-43F2-8064-405AA3E10960}"
EndProject
Project("{2150E333-8FDC-42A3-9474-1A3956D46DE8}") = "Options", "Options", "{54B5ADF2-3EF3-462F-A979-AC8DFD7F2A61}"
EndProject
Project("{FAE04EC0-301F-11D3-BF4B-00C04F79EFBC}") = "Options", "Libraries\Options\Options\Options.csproj", "{0371844A-0949-409E-8BF6-1FB458EDB3C5}"
EndProject
Project("{2150E333-8FDC-42A3-9474-1A3956D46DE8}") = "Caching", "Caching", "{DE7D3DBB-F3D9-47A5-9F10-B327FAC14570}"
EndProject
Project("{FAE04EC0-301F-11D3-BF4B-00C04F79EFBC}") = "Caching", "Libraries\Caching\Caching\Caching.csproj", "{356EAD9E-6F87-422E-97A3-440E9CB0B604}"
EndProject
Project("{FAE04EC0-301F-11D3-BF4B-00C04F79EFBC}") = "Caching.Tests", "Libraries\Caching\Caching.Tests\Caching.Tests.csproj", "{9DECB860-529D-4E86-B930-563347507641}"
EndProject
Project("{FAE04EC0-301F-11D3-BF4B-00C04F79EFBC}") = "CrmMicroservice.Infrastructure.Caching", "Microservices\CrmMicroservice\CrmMicroservice.Infrastructure.Caching\CrmMicroservice.Infrastructure.Caching.csproj", "{E3348450-0F90-4C15-BB3A-DA99FC00AA0F}"
EndProject
Project("{FAE04EC0-301F-11D3-BF4B-00C04F79EFBC}") = "CrmMicroservice.Infrastructure.Caching.Tests", "Microservices\CrmMicroservice\CrmMicroservice.Infrastructure.Caching.Tests\CrmMicroservice.Infrastructure.Caching.Tests.csproj", "{DC3D9E6A-E610-4C5C-890A-FE6DB7C2794C}"
EndProject
Project("{2150E333-8FDC-42A3-9474-1A3956D46DE8}") = "MediatR", "MediatR", "{5BB01E4B-2A58-424A-BDEB-522A4CEFE4FC}"
EndProject
Project("{FAE04EC0-301F-11D3-BF4B-00C04F79EFBC}") = "MediatR", "Libraries\MediatR\MediatR\MediatR.csproj", "{A1D6D118-360E-483D-9F8C-52F1C9C58689}"
EndProject
Global
	GlobalSection(SolutionConfigurationPlatforms) = preSolution
		Debug|Any CPU = Debug|Any CPU
		Release|Any CPU = Release|Any CPU
	EndGlobalSection
	GlobalSection(NestedProjects) = preSolution
		{FA070662-C4DE-41DA-A021-1145D2C6C23B} = {D4D66FA1-BCA9-4775-B1A1-40BEAEB026D7}
		{DAB1CE66-3240-4EA7-9E8D-11257F3290B6} = {FA070662-C4DE-41DA-A021-1145D2C6C23B}
		{91811745-1DED-4D77-8121-3D0C19D6CBCB} = {FA070662-C4DE-41DA-A021-1145D2C6C23B}
		{DFEA7A46-B55B-4898-86F1-5248311C4412} = {FA070662-C4DE-41DA-A021-1145D2C6C23B}
		{F30415AF-39CD-4697-8790-E89A38A3DFC1} = {1162B80F-1E56-4FEB-9ECF-53D285D00F39}
		{20863388-B6B3-4278-A5FB-D08B9E47ADF7} = {F30415AF-39CD-4697-8790-E89A38A3DFC1}
		{EBDC406A-874C-43F2-8064-405AA3E10960} = {F30415AF-39CD-4697-8790-E89A38A3DFC1}
		{54B5ADF2-3EF3-462F-A979-AC8DFD7F2A61} = {1162B80F-1E56-4FEB-9ECF-53D285D00F39}
		{0371844A-0949-409E-8BF6-1FB458EDB3C5} = {54B5ADF2-3EF3-462F-A979-AC8DFD7F2A61}
		{DE7D3DBB-F3D9-47A5-9F10-B327FAC14570} = {1162B80F-1E56-4FEB-9ECF-53D285D00F39}
		{356EAD9E-6F87-422E-97A3-440E9CB0B604} = {DE7D3DBB-F3D9-47A5-9F10-B327FAC14570}
		{9DECB860-529D-4E86-B930-563347507641} = {DE7D3DBB-F3D9-47A5-9F10-B327FAC14570}
		{E3348450-0F90-4C15-BB3A-DA99FC00AA0F} = {FA070662-C4DE-41DA-A021-1145D2C6C23B}
		{DC3D9E6A-E610-4C5C-890A-FE6DB7C2794C} = {FA070662-C4DE-41DA-A021-1145D2C6C23B}
		{5BB01E4B-2A58-424A-BDEB-522A4CEFE4FC} = {1162B80F-1E56-4FEB-9ECF-53D285D00F39}
		{A1D6D118-360E-483D-9F8C-52F1C9C58689} = {5BB01E4B-2A58-424A-BDEB-522A4CEFE4FC}
	EndGlobalSection
	GlobalSection(ProjectConfigurationPlatforms) = postSolution
		{DAB1CE66-3240-4EA7-9E8D-11257F3290B6}.Debug|Any CPU.ActiveCfg = Debug|Any CPU
		{DAB1CE66-3240-4EA7-9E8D-11257F3290B6}.Debug|Any CPU.Build.0 = Debug|Any CPU
		{DAB1CE66-3240-4EA7-9E8D-11257F3290B6}.Release|Any CPU.ActiveCfg = Release|Any CPU
		{DAB1CE66-3240-4EA7-9E8D-11257F3290B6}.Release|Any CPU.Build.0 = Release|Any CPU
		{91811745-1DED-4D77-8121-3D0C19D6CBCB}.Debug|Any CPU.ActiveCfg = Debug|Any CPU
		{91811745-1DED-4D77-8121-3D0C19D6CBCB}.Debug|Any CPU.Build.0 = Debug|Any CPU
		{91811745-1DED-4D77-8121-3D0C19D6CBCB}.Release|Any CPU.ActiveCfg = Release|Any CPU
		{91811745-1DED-4D77-8121-3D0C19D6CBCB}.Release|Any CPU.Build.0 = Release|Any CPU
		{DFEA7A46-B55B-4898-86F1-5248311C4412}.Debug|Any CPU.ActiveCfg = Debug|Any CPU
		{DFEA7A46-B55B-4898-86F1-5248311C4412}.Debug|Any CPU.Build.0 = Debug|Any CPU
		{DFEA7A46-B55B-4898-86F1-5248311C4412}.Release|Any CPU.ActiveCfg = Release|Any CPU
		{DFEA7A46-B55B-4898-86F1-5248311C4412}.Release|Any CPU.Build.0 = Release|Any CPU
		{20863388-B6B3-4278-A5FB-D08B9E47ADF7}.Debug|Any CPU.ActiveCfg = Debug|Any CPU
		{20863388-B6B3-4278-A5FB-D08B9E47ADF7}.Debug|Any CPU.Build.0 = Debug|Any CPU
		{20863388-B6B3-4278-A5FB-D08B9E47ADF7}.Release|Any CPU.ActiveCfg = Release|Any CPU
		{20863388-B6B3-4278-A5FB-D08B9E47ADF7}.Release|Any CPU.Build.0 = Release|Any CPU
		{EBDC406A-874C-43F2-8064-405AA3E10960}.Debug|Any CPU.ActiveCfg = Debug|Any CPU
		{EBDC406A-874C-43F2-8064-405AA3E10960}.Debug|Any CPU.Build.0 = Debug|Any CPU
		{EBDC406A-874C-43F2-8064-405AA3E10960}.Release|Any CPU.ActiveCfg = Release|Any CPU
		{EBDC406A-874C-43F2-8064-405AA3E10960}.Release|Any CPU.Build.0 = Release|Any CPU
		{0371844A-0949-409E-8BF6-1FB458EDB3C5}.Debug|Any CPU.ActiveCfg = Debug|Any CPU
		{0371844A-0949-409E-8BF6-1FB458EDB3C5}.Debug|Any CPU.Build.0 = Debug|Any CPU
		{0371844A-0949-409E-8BF6-1FB458EDB3C5}.Release|Any CPU.ActiveCfg = Release|Any CPU
		{0371844A-0949-409E-8BF6-1FB458EDB3C5}.Release|Any CPU.Build.0 = Release|Any CPU
		{356EAD9E-6F87-422E-97A3-440E9CB0B604}.Debug|Any CPU.ActiveCfg = Debug|Any CPU
		{356EAD9E-6F87-422E-97A3-440E9CB0B604}.Debug|Any CPU.Build.0 = Debug|Any CPU
		{356EAD9E-6F87-422E-97A3-440E9CB0B604}.Release|Any CPU.ActiveCfg = Release|Any CPU
		{356EAD9E-6F87-422E-97A3-440E9CB0B604}.Release|Any CPU.Build.0 = Release|Any CPU
		{9DECB860-529D-4E86-B930-563347507641}.Debug|Any CPU.ActiveCfg = Debug|Any CPU
		{9DECB860-529D-4E86-B930-563347507641}.Debug|Any CPU.Build.0 = Debug|Any CPU
		{9DECB860-529D-4E86-B930-563347507641}.Release|Any CPU.ActiveCfg = Release|Any CPU
		{9DECB860-529D-4E86-B930-563347507641}.Release|Any CPU.Build.0 = Release|Any CPU
		{E3348450-0F90-4C15-BB3A-DA99FC00AA0F}.Debug|Any CPU.ActiveCfg = Debug|Any CPU
		{E3348450-0F90-4C15-BB3A-DA99FC00AA0F}.Debug|Any CPU.Build.0 = Debug|Any CPU
		{E3348450-0F90-4C15-BB3A-DA99FC00AA0F}.Release|Any CPU.ActiveCfg = Release|Any CPU
		{E3348450-0F90-4C15-BB3A-DA99FC00AA0F}.Release|Any CPU.Build.0 = Release|Any CPU
		{DC3D9E6A-E610-4C5C-890A-FE6DB7C2794C}.Debug|Any CPU.ActiveCfg = Debug|Any CPU
		{DC3D9E6A-E610-4C5C-890A-FE6DB7C2794C}.Debug|Any CPU.Build.0 = Debug|Any CPU
		{DC3D9E6A-E610-4C5C-890A-FE6DB7C2794C}.Release|Any CPU.ActiveCfg = Release|Any CPU
		{DC3D9E6A-E610-4C5C-890A-FE6DB7C2794C}.Release|Any CPU.Build.0 = Release|Any CPU
		{A1D6D118-360E-483D-9F8C-52F1C9C58689}.Debug|Any CPU.ActiveCfg = Debug|Any CPU
		{A1D6D118-360E-483D-9F8C-52F1C9C58689}.Debug|Any CPU.Build.0 = Debug|Any CPU
		{A1D6D118-360E-483D-9F8C-52F1C9C58689}.Release|Any CPU.ActiveCfg = Release|Any CPU
		{A1D6D118-360E-483D-9F8C-52F1C9C58689}.Release|Any CPU.Build.0 = Release|Any CPU
	EndGlobalSection
EndGlobal
